
Microsoft Visual Studio Solution File, Format Version 12.00
# Visual Studio 15
Project("{FAE04EC0-301F-11D3-BF4B-00C04F79EFBC}") = "LessonOneReview", "LessonOneReview\LessonOneReview.csproj", "{BE89A37B-EE6F-40B8-B34E-CF77D6617E1C}"
EndProject
Global
	GlobalSection(SolutionConfigurationPlatforms) = preSolution
		Debug|Any CPU = Debug|Any CPU
		Release|Any CPU = Release|Any CPU
	EndGlobalSection
	GlobalSection(ProjectConfigurationPlatforms) = postSolution
		{BE89A37B-EE6F-40B8-B34E-CF77D6617E1C}.Debug|Any CPU.ActiveCfg = Debug|Any CPU
		{BE89A37B-EE6F-40B8-B34E-CF77D6617E1C}.Debug|Any CPU.Build.0 = Debug|Any CPU
		{BE89A37B-EE6F-40B8-B34E-CF77D6617E1C}.Release|Any CPU.ActiveCfg = Release|Any CPU
		{BE89A37B-EE6F-40B8-B34E-CF77D6617E1C}.Release|Any CPU.Build.0 = Release|Any CPU
	EndGlobalSection
EndGlobal
